# THIS IS AN AUTOGENERATED FILE. DO NOT EDIT THIS FILE DIRECTLY.
# yarn lockfile v1


deeks@2.5.1:
  version "2.5.1"
  resolved "https://registry.yarnpkg.com/deeks/-/deeks-2.5.1.tgz#c4e18a00cac3f8ff95a306463db8f533c879f436"
  integrity sha512-fqrBeUz7f1UqaXDRzVB5RG2EfPk15HJRrb2pMZj8mLlSTtz4tRPsK5leFOskoHFPuyZ6+7aRM9j657fvXLkJ7Q==

doc-path@3.0.2:
  version "3.0.2"
  resolved "https://registry.yarnpkg.com/doc-path/-/doc-path-3.0.2.tgz#a7df9d58eadce28a2ddd4eda5aa392628fd75b6d"
  integrity sha512-VRlA2OKSjTbHWj6wmSanxJ338fE/YN8pqmZ0FIWK5JWkIJMFRc4KmD35JtOrnjvVG0WrzOtDDNHx1lN1tkb+lA==

faker@^6.6.6:
  version "6.6.6"
  resolved "https://registry.yarnpkg.com/faker/-/faker-6.6.6.tgz#e9529da0109dca4c7c5dbfeaadbd9234af943033"
  integrity sha512-9tCqYEDHI5RYFQigXFwF1hnCwcWCOJl/hmll0lr5D2Ljjb0o4wphb69wikeJDz5qCEzXCoPvG6ss5SDP6IfOdg==

json-2-csv@^3.15.1:
  version "3.15.1"
  resolved "https://registry.yarnpkg.com/json-2-csv/-/json-2-csv-3.15.1.tgz#a027e8637bfb4eb413b91a95a126a756964db55e"
  integrity sha512-w5czxHJz7EdPgoG42IrWD/4dBwXsFNvxRQKdMIMpzut3QFAoErELMadsFXzkFK3Q5LDuenR24dyglPtHgXEZBQ==
  dependencies:
    deeks "2.5.1"
    doc-path "3.0.2"
